{
  "name": "stegos-wallet",
  "version": "0.0.1",
  "lockfileVersion": 1,
  "requires": true,
  "dependencies": {
    "qrcode-generator": {
      "version": "1.4.3",
      "resolved": "https://registry.npmjs.org/qrcode-generator/-/qrcode-generator-1.4.3.tgz",
      "integrity": "sha512-++rVRvMRq5BlHfmAafl8a4ppUntzUxCCUTT2t0siUgqKwdnqRzY8IH6f6WSX5dZUhD2Ul5/MIKuTJddflwrGzw=="
    },
    "redux-electron-ipc": {
      "version": "1.2.0",
      "resolved": "https://registry.npmjs.org/redux-electron-ipc/-/redux-electron-ipc-1.2.0.tgz",
      "integrity": "sha512-XUor8nHvcV/9rb9z3CRNKRrh1U7jZ/adcr2Ntth6MVguIMukOvfjYTG2m0ZCcA+yox1alm7UNla8UVHYX74ITw=="
    }
  }
}
